
Microsoft Visual Studio Solution File, Format Version 12.00
# Visual Studio Version 17
VisualStudioVersion = 17.13.35825.156 d17.13
MinimumVisualStudioVersion = 10.0.40219.1
Project("{FAE04EC0-301F-11D3-BF4B-00C04F79EFBC}") = "Sec", "Sec\Sec.csproj", "{842A5828-3F6A-468D-824D-8947F56491A9}"
EndProject
Global
	GlobalSection(SolutionConfigurationPlatforms) = preSolution
		Debug|Any CPU = Debug|Any CPU
		Release|Any CPU = Release|Any CPU
	EndGlobalSection
	GlobalSection(ProjectConfigurationPlatforms) = postSolution
		{842A5828-3F6A-468D-824D-8947F56491A9}.Debug|Any CPU.ActiveCfg = Debug|Any CPU
		{842A5828-3F6A-468D-824D-8947F56491A9}.Debug|Any CPU.Build.0 = Debug|Any CPU
		{842A5828-3F6A-468D-824D-8947F56491A9}.Release|Any CPU.ActiveCfg = Release|Any CPU
		{842A5828-3F6A-468D-824D-8947F56491A9}.Release|Any CPU.Build.0 = Release|Any CPU
	EndGlobalSection
	GlobalSection(SolutionProperties) = preSolution
		HideSolutionNode = FALSE
	EndGlobalSection
	GlobalSection(ExtensibilityGlobals) = postSolution
		SolutionGuid = {5E6E24FB-3668-44BB-8CBA-ACD9A6F41D1A}
	EndGlobalSection
EndGlobal
